
Microsoft Visual Studio Solution File, Format Version 12.00
# Visual Studio 2012
Project("{FAE04EC0-301F-11D3-BF4B-00C04F79EFBC}") = "Server", "Server\Server.csproj", "{49A408FF-9EC6-48B8-AB15-E32B2F91E24A}"
EndProject
Project("{FAE04EC0-301F-11D3-BF4B-00C04F79EFBC}") = "HttpServices", "HttpServices\HttpServices.csproj", "{E4FD5E66-68C8-43AB-B2A8-A69B83F3CAC5}"
EndProject
Project("{FAE04EC0-301F-11D3-BF4B-00C04F79EFBC}") = "HttpDtos", "HttpDtos\HttpDtos.csproj", "{476D69A8-4F1B-45DF-8FE1-D81BD5644A65}"
EndProject
Project("{CC5FD16D-436D-48AD-A40C-5A424C6E3E79}") = "Server.Azure", "Server.Azure\Server.Azure.ccproj", "{687B2EA6-0C9E-4C8D-B7C3-D3AEFE3691F3}"
EndProject
Global
	GlobalSection(SolutionConfigurationPlatforms) = preSolution
		Debug|Any CPU = Debug|Any CPU
		Release|Any CPU = Release|Any CPU
	EndGlobalSection
	GlobalSection(ProjectConfigurationPlatforms) = postSolution
		{49A408FF-9EC6-48B8-AB15-E32B2F91E24A}.Debug|Any CPU.ActiveCfg = Debug|Any CPU
		{49A408FF-9EC6-48B8-AB15-E32B2F91E24A}.Debug|Any CPU.Build.0 = Debug|Any CPU
		{49A408FF-9EC6-48B8-AB15-E32B2F91E24A}.Release|Any CPU.ActiveCfg = Release|Any CPU
		{49A408FF-9EC6-48B8-AB15-E32B2F91E24A}.Release|Any CPU.Build.0 = Release|Any CPU
		{E4FD5E66-68C8-43AB-B2A8-A69B83F3CAC5}.Debug|Any CPU.ActiveCfg = Debug|Any CPU
		{E4FD5E66-68C8-43AB-B2A8-A69B83F3CAC5}.Debug|Any CPU.Build.0 = Debug|Any CPU
		{E4FD5E66-68C8-43AB-B2A8-A69B83F3CAC5}.Release|Any CPU.ActiveCfg = Release|Any CPU
		{E4FD5E66-68C8-43AB-B2A8-A69B83F3CAC5}.Release|Any CPU.Build.0 = Release|Any CPU
		{476D69A8-4F1B-45DF-8FE1-D81BD5644A65}.Debug|Any CPU.ActiveCfg = Debug|Any CPU
		{476D69A8-4F1B-45DF-8FE1-D81BD5644A65}.Debug|Any CPU.Build.0 = Debug|Any CPU
		{476D69A8-4F1B-45DF-8FE1-D81BD5644A65}.Release|Any CPU.ActiveCfg = Release|Any CPU
		{476D69A8-4F1B-45DF-8FE1-D81BD5644A65}.Release|Any CPU.Build.0 = Release|Any CPU
		{687B2EA6-0C9E-4C8D-B7C3-D3AEFE3691F3}.Debug|Any CPU.ActiveCfg = Debug|Any CPU
		{687B2EA6-0C9E-4C8D-B7C3-D3AEFE3691F3}.Debug|Any CPU.Build.0 = Debug|Any CPU
		{687B2EA6-0C9E-4C8D-B7C3-D3AEFE3691F3}.Release|Any CPU.ActiveCfg = Release|Any CPU
		{687B2EA6-0C9E-4C8D-B7C3-D3AEFE3691F3}.Release|Any CPU.Build.0 = Release|Any CPU
	EndGlobalSection
	GlobalSection(SolutionProperties) = preSolution
		HideSolutionNode = FALSE
	EndGlobalSection
EndGlobal
