
Microsoft Visual Studio Solution File, Format Version 12.00
# Visual Studio 2012
Project("{FAE04EC0-301F-11D3-BF4B-00C04F79EFBC}") = "Simulator", "Simulator\Simulator.csproj", "{BE402C94-17CA-45E2-8905-ED9D9B2C97E5}"
EndProject
Project("{FAE04EC0-301F-11D3-BF4B-00C04F79EFBC}") = "HttpDtos", "HttpDtos\HttpDtos.csproj", "{476D69A8-4F1B-45DF-8FE1-D81BD5644A65}"
EndProject
Global
	GlobalSection(SolutionConfigurationPlatforms) = preSolution
		Debug|Any CPU = Debug|Any CPU
		Release|Any CPU = Release|Any CPU
	EndGlobalSection
	GlobalSection(ProjectConfigurationPlatforms) = postSolution
		{BE402C94-17CA-45E2-8905-ED9D9B2C97E5}.Debug|Any CPU.ActiveCfg = Debug|Any CPU
		{BE402C94-17CA-45E2-8905-ED9D9B2C97E5}.Debug|Any CPU.Build.0 = Debug|Any CPU
		{BE402C94-17CA-45E2-8905-ED9D9B2C97E5}.Release|Any CPU.ActiveCfg = Release|Any CPU
		{BE402C94-17CA-45E2-8905-ED9D9B2C97E5}.Release|Any CPU.Build.0 = Release|Any CPU
		{476D69A8-4F1B-45DF-8FE1-D81BD5644A65}.Debug|Any CPU.ActiveCfg = Debug|Any CPU
		{476D69A8-4F1B-45DF-8FE1-D81BD5644A65}.Debug|Any CPU.Build.0 = Debug|Any CPU
		{476D69A8-4F1B-45DF-8FE1-D81BD5644A65}.Release|Any CPU.ActiveCfg = Release|Any CPU
		{476D69A8-4F1B-45DF-8FE1-D81BD5644A65}.Release|Any CPU.Build.0 = Release|Any CPU
	EndGlobalSection
	GlobalSection(SolutionProperties) = preSolution
		HideSolutionNode = FALSE
	EndGlobalSection
EndGlobal
